
Microsoft Visual Studio Solution File, Format Version 12.00
# Visual Studio Version 16
VisualStudioVersion = 16.0.31321.278
MinimumVisualStudioVersion = 10.0.40219.1
Project("{FAE04EC0-301F-11D3-BF4B-00C04F79EFBC}") = "InventoryApi", "InventoryApi\InventoryApi.csproj", "{D60523D3-8470-499D-B904-330710D139B8}"
EndProject
Global
	GlobalSection(SolutionConfigurationPlatforms) = preSolution
		Debug|Any CPU = Debug|Any CPU
		Release|Any CPU = Release|Any CPU
	EndGlobalSection
	GlobalSection(ProjectConfigurationPlatforms) = postSolution
		{D60523D3-8470-499D-B904-330710D139B8}.Debug|Any CPU.ActiveCfg = Debug|Any CPU
		{D60523D3-8470-499D-B904-330710D139B8}.Debug|Any CPU.Build.0 = Debug|Any CPU
		{D60523D3-8470-499D-B904-330710D139B8}.Release|Any CPU.ActiveCfg = Release|Any CPU
		{D60523D3-8470-499D-B904-330710D139B8}.Release|Any CPU.Build.0 = Release|Any CPU
	EndGlobalSection
	GlobalSection(SolutionProperties) = preSolution
		HideSolutionNode = FALSE
	EndGlobalSection
	GlobalSection(ExtensibilityGlobals) = postSolution
		SolutionGuid = {1517A380-F57B-4B54-9092-439FFEFF3ECB}
	EndGlobalSection
EndGlobal
